// !$*UTF8*$!
{
	archiveVersion = 1;
	classes = {
	};
	objectVersion = 46;
	objects = {

/* Begin PBXBuildFile section */
		3F10AB231BBE7E26007A9228 /* main.m in Sources */ = {isa = PBXBuildFile; fileRef = 3F10AB221BBE7E26007A9228 /* main.m */; };
		3F10AB261BBE7E26007A9228 /* AppDelegate.m in Sources */ = {isa = PBXBuildFile; fileRef = 3F10AB251BBE7E26007A9228 /* AppDelegate.m */; };
		3F10AB291BBE7E26007A9228 /* ViewController.m in Sources */ = {isa = PBXBuildFile; fileRef = 3F10AB281BBE7E26007A9228 /* ViewController.m */; };
		3F10AB2C1BBE7E26007A9228 /* Main.storyboard in Resources */ = {isa = PBXBuildFile; fileRef = 3F10AB2A1BBE7E26007A9228 /* Main.storyboard */; };
		3F10AB2E1BBE7E26007A9228 /* Assets.xcassets in Resources */ = {isa = PBXBuildFile; fileRef = 3F10AB2D1BBE7E26007A9228 /* Assets.xcassets */; };
		3F10AB311BBE7E26007A9228 /* LaunchScreen.storyboard in Resources */ = {isa = PBXBuildFile; fileRef = 3F10AB2F1BBE7E26007A9228 /* LaunchScreen.storyboard */; };
		3F10AB3C1BBE9959007A9228 /* ACFaceDetector.m in Sources */ = {isa = PBXBuildFile; fileRef = 3F10AB3B1BBE9959007A9228 /* ACFaceDetector.m */; settings = {ASSET_TAGS = (); }; };
		3F10AB401BBE99E0007A9228 /* UIKit.framework in Frameworks */ = {isa = PBXBuildFile; fileRef = 3F10AB3F1BBE99E0007A9228 /* UIKit.framework */; };
		3F10AB421BBE99EB007A9228 /* Foundation.framework in Frameworks */ = {isa = PBXBuildFile; fileRef = 3F10AB411BBE99EB007A9228 /* Foundation.framework */; };
		3F10AB441BBE99FC007A9228 /* CoreGraphics.framework in Frameworks */ = {isa = PBXBuildFile; fileRef = 3F10AB431BBE99FC007A9228 /* CoreGraphics.framework */; };
		3F900A091BC2A5B100F3B8E9 /* image.jpg in Resources */ = {isa = PBXBuildFile; fileRef = 3F900A081BC2A5B100F3B8E9 /* image.jpg */; settings = {ASSET_TAGS = (); }; };
		3FB12E291BC2BD1F00E54FCB /* UIImageView+Subviews.m in Sources */ = {isa = PBXBuildFile; fileRef = 3FB12E281BC2BD1F00E54FCB /* UIImageView+Subviews.m */; settings = {ASSET_TAGS = (); }; };
/* End PBXBuildFile section */

/* Begin PBXFileReference section */
		3F10AB1E1BBE7E25007A9228 /* ACFaceDetection.app */ = {isa = PBXFileReference; explicitFileType = wrapper.application; includeInIndex = 0; path = ACFaceDetection.app; sourceTree = BUILT_PRODUCTS_DIR; };
		3F10AB221BBE7E26007A9228 /* main.m */ = {isa = PBXFileReference; lastKnownFileType = sourcecode.c.objc; path = main.m; sourceTree = "<group>"; };
		3F10AB241BBE7E26007A9228 /* AppDelegate.h */ = {isa = PBXFileReference; lastKnownFileType = sourcecode.c.h; path = AppDelegate.h; sourceTree = "<group>"; };
		3F10AB251BBE7E26007A9228 /* AppDelegate.m */ = {isa = PBXFileReference; lastKnownFileType = sourcecode.c.objc; path = AppDelegate.m; sourceTree = "<group>"; };
		3F10AB271BBE7E26007A9228 /* ViewController.h */ = {isa = PBXFileReference; lastKnownFileType = sourcecode.c.h; path = ViewController.h; sourceTree = "<group>"; };
		3F10AB281BBE7E26007A9228 /* ViewController.m */ = {isa = PBXFileReference; lastKnownFileType = sourcecode.c.objc; path = ViewController.m; sourceTree = "<group>"; };
		3F10AB2B1BBE7E26007A9228 /* Base */ = {isa = PBXFileReference; lastKnownFileType = file.storyboard; name = Base; path = Base.lproj/Main.storyboard; sourceTree = "<group>"; };
		3F10AB2D1BBE7E26007A9228 /* Assets.xcassets */ = {isa = PBXFileReference; lastKnownFileType = folder.assetcatalog; path = Assets.xcassets; sourceTree = "<group>"; };
		3F10AB301BBE7E26007A9228 /* Base */ = {isa = PBXFileReference; lastKnownFileType = file.storyboard; name = Base; path = Base.lproj/LaunchScreen.storyboard; sourceTree = "<group>"; };
		3F10AB321BBE7E26007A9228 /* Info.plist */ = {isa = PBXFileReference; lastKnownFileType = text.plist.xml; path = Info.plist; sourceTree = "<group>"; };
		3F10AB3A1BBE9959007A9228 /* ACFaceDetector.h */ = {isa = PBXFileReference; fileEncoding = 4; lastKnownFileType = sourcecode.c.h; path = ACFaceDetector.h; sourceTree = "<group>"; };
		3F10AB3B1BBE9959007A9228 /* ACFaceDetector.m */ = {isa = PBXFileReference; fileEncoding = 4; lastKnownFileType = sourcecode.c.objc; path = ACFaceDetector.m; sourceTree = "<group>"; };
		3F10AB3F1BBE99E0007A9228 /* UIKit.framework */ = {isa = PBXFileReference; lastKnownFileType = wrapper.framework; name = UIKit.framework; path = System/Library/Frameworks/UIKit.framework; sourceTree = SDKROOT; };
		3F10AB411BBE99EB007A9228 /* Foundation.framework */ = {isa = PBXFileReference; lastKnownFileType = wrapper.framework; name = Foundation.framework; path = System/Library/Frameworks/Foundation.framework; sourceTree = SDKROOT; };
		3F10AB431BBE99FC007A9228 /* CoreGraphics.framework */ = {isa = PBXFileReference; lastKnownFileType = wrapper.framework; name = CoreGraphics.framework; path = System/Library/Frameworks/CoreGraphics.framework; sourceTree = SDKROOT; };
		3F10AB451BBE9A99007A9228 /* ACFaceDetection-Prefix.pch */ = {isa = PBXFileReference; fileEncoding = 4; lastKnownFileType = sourcecode.c.h; path = "ACFaceDetection-Prefix.pch"; sourceTree = "<group>"; };
		3F900A081BC2A5B100F3B8E9 /* image.jpg */ = {isa = PBXFileReference; lastKnownFileType = image.jpeg; path = image.jpg; sourceTree = "<group>"; };
		3FB12E271BC2BD1F00E54FCB /* UIImageView+Subviews.h */ = {isa = PBXFileReference; fileEncoding = 4; lastKnownFileType = sourcecode.c.h; path = "UIImageView+Subviews.h"; sourceTree = "<group>"; };
		3FB12E281BC2BD1F00E54FCB /* UIImageView+Subviews.m */ = {isa = PBXFileReference; fileEncoding = 4; lastKnownFileType = sourcecode.c.objc; path = "UIImageView+Subviews.m"; sourceTree = "<group>"; };
/* End PBXFileReference section */

/* Begin PBXFrameworksBuildPhase section */
		3F10AB1B1BBE7E25007A9228 /* Frameworks */ = {
			isa = PBXFrameworksBuildPhase;
			buildActionMask = 2147483647;
			files = (
				3F10AB441BBE99FC007A9228 /* CoreGraphics.framework in Frameworks */,
				3F10AB421BBE99EB007A9228 /* Foundation.framework in Frameworks */,
				3F10AB401BBE99E0007A9228 /* UIKit.framework in Frameworks */,
			);
			runOnlyForDeploymentPostprocessing = 0;
		};
/* End PBXFrameworksBuildPhase section */

/* Begin PBXGroup section */
		3F10AB151BBE7E25007A9228 = {
			isa = PBXGroup;
			children = (
				3F10AB201BBE7E26007A9228 /* ACFaceDetection */,
				3F10AB3E1BBE99A4007A9228 /* Frameworks */,
				3F10AB1F1BBE7E25007A9228 /* Products */,
			);
			sourceTree = "<group>";
		};
		3F10AB1F1BBE7E25007A9228 /* Products */ = {
			isa = PBXGroup;
			children = (
				3F10AB1E1BBE7E25007A9228 /* ACFaceDetection.app */,
			);
			name = Products;
			sourceTree = "<group>";
		};
		3F10AB201BBE7E26007A9228 /* ACFaceDetection */ = {
			isa = PBXGroup;
			children = (
				3F10AB241BBE7E26007A9228 /* AppDelegate.h */,
				3F10AB251BBE7E26007A9228 /* AppDelegate.m */,
				3F10AB271BBE7E26007A9228 /* ViewController.h */,
				3F10AB281BBE7E26007A9228 /* ViewController.m */,
				3F10AB391BBE992D007A9228 /* Face Detection */,
				3FB12E261BC2BCEF00E54FCB /* Categories */,
				3F10AB2A1BBE7E26007A9228 /* Main.storyboard */,
				3F10AB2D1BBE7E26007A9228 /* Assets.xcassets */,
				3F10AB2F1BBE7E26007A9228 /* LaunchScreen.storyboard */,
				3F10AB321BBE7E26007A9228 /* Info.plist */,
				3F10AB211BBE7E26007A9228 /* Supporting Files */,
			);
			path = ACFaceDetection;
			sourceTree = "<group>";
		};
		3F10AB211BBE7E26007A9228 /* Supporting Files */ = {
			isa = PBXGroup;
			children = (
				3F10AB491BBEB057007A9228 /* Images */,
				3F10AB221BBE7E26007A9228 /* main.m */,
				3F10AB451BBE9A99007A9228 /* ACFaceDetection-Prefix.pch */,
			);
			name = "Supporting Files";
			sourceTree = "<group>";
		};
		3F10AB391BBE992D007A9228 /* Face Detection */ = {
			isa = PBXGroup;
			children = (
				3F10AB3A1BBE9959007A9228 /* ACFaceDetector.h */,
				3F10AB3B1BBE9959007A9228 /* ACFaceDetector.m */,
			);
			path = "Face Detection";
			sourceTree = "<group>";
		};
		3F10AB3E1BBE99A4007A9228 /* Frameworks */ = {
			isa = PBXGroup;
			children = (
				3F10AB431BBE99FC007A9228 /* CoreGraphics.framework */,
				3F10AB411BBE99EB007A9228 /* Foundation.framework */,
				3F10AB3F1BBE99E0007A9228 /* UIKit.framework */,
			);
			name = Frameworks;
			sourceTree = "<group>";
		};
		3F10AB491BBEB057007A9228 /* Images */ = {
			isa = PBXGroup;
			children = (
				3F900A081BC2A5B100F3B8E9 /* image.jpg */,
			);
			name = Images;
			sourceTree = "<group>";
		};
		3FB12E261BC2BCEF00E54FCB /* Categories */ = {
			isa = PBXGroup;
			children = (
				3FB12E271BC2BD1F00E54FCB /* UIImageView+Subviews.h */,
				3FB12E281BC2BD1F00E54FCB /* UIImageView+Subviews.m */,
			);
			name = Categories;
			sourceTree = "<group>";
		};
/* End PBXGroup section */

/* Begin PBXNativeTarget section */
		3F10AB1D1BBE7E25007A9228 /* ACFaceDetection */ = {
			isa = PBXNativeTarget;
			buildConfigurationList = 3F10AB351BBE7E26007A9228 /* Build configuration list for PBXNativeTarget "ACFaceDetection" */;
			buildPhases = (
				3F10AB1A1BBE7E25007A9228 /* Sources */,
				3F10AB1B1BBE7E25007A9228 /* Frameworks */,
				3F10AB1C1BBE7E25007A9228 /* Resources */,
			);
			buildRules = (
			);
			dependencies = (
			);
			name = ACFaceDetection;
			productName = ACFaceDetection;
			productReference = 3F10AB1E1BBE7E25007A9228 /* ACFaceDetection.app */;
			productType = "com.apple.product-type.application";
		};
/* End PBXNativeTarget section */

/* Begin PBXProject section */
		3F10AB161BBE7E25007A9228 /* Project object */ = {
			isa = PBXProject;
			attributes = {
				LastUpgradeCheck = 0700;
				ORGANIZATIONNAME = "Apps Collider";
				TargetAttributes = {
					3F10AB1D1BBE7E25007A9228 = {
						CreatedOnToolsVersion = 7.0.1;
					};
				};
			};
			buildConfigurationList = 3F10AB191BBE7E25007A9228 /* Build configuration list for PBXProject "ACFaceDetection" */;
			compatibilityVersion = "Xcode 3.2";
			developmentRegion = English;
			hasScannedForEncodings = 0;
			knownRegions = (
				en,
				Base,
			);
			mainGroup = 3F10AB151BBE7E25007A9228;
			productRefGroup = 3F10AB1F1BBE7E25007A9228 /* Products */;
			projectDirPath = "";
			projectRoot = "";
			targets = (
				3F10AB1D1BBE7E25007A9228 /* ACFaceDetection */,
			);
		};
/* End PBXProject section */

/* Begin PBXResourcesBuildPhase section */
		3F10AB1C1BBE7E25007A9228 /* Resources */ = {
			isa = PBXResourcesBuildPhase;
			buildActionMask = 2147483647;
			files = (
				3F10AB311BBE7E26007A9228 /* LaunchScreen.storyboard in Resources */,
				3F10AB2E1BBE7E26007A9228 /* Assets.xcassets in Resources */,
				3F10AB2C1BBE7E26007A9228 /* Main.storyboard in Resources */,
				3F900A091BC2A5B100F3B8E9 /* image.jpg in Resources */,
			);
			runOnlyForDeploymentPostprocessing = 0;
		};
/* End PBXResourcesBuildPhase section */

/* Begin PBXSourcesBuildPhase section */
		3F10AB1A1BBE7E25007A9228 /* Sources */ = {
			isa = PBXSourcesBuildPhase;
			buildActionMask = 2147483647;
			files = (
				3F10AB3C1BBE9959007A9228 /* ACFaceDetector.m in Sources */,
				3F10AB291BBE7E26007A9228 /* ViewController.m in Sources */,
				3FB12E291BC2BD1F00E54FCB /* UIImageView+Subviews.m in Sources */,
				3F10AB261BBE7E26007A9228 /* AppDelegate.m in Sources */,
				3F10AB231BBE7E26007A9228 /* main.m in Sources */,
			);
			runOnlyForDeploymentPostprocessing = 0;
		};
/* End PBXSourcesBuildPhase section */

/* Begin PBXVariantGroup section */
		3F10AB2A1BBE7E26007A9228 /* Main.storyboard */ = {
			isa = PBXVariantGroup;
			children = (
				3F10AB2B1BBE7E26007A9228 /* Base */,
			);
			name = Main.storyboard;
			sourceTree = "<group>";
		};
		3F10AB2F1BBE7E26007A9228 /* LaunchScreen.storyboard */ = {
			isa = PBXVariantGroup;
			children = (
				3F10AB301BBE7E26007A9228 /* Base */,
			);
			name = LaunchScreen.storyboard;
			sourceTree = "<group>";
		};
/* End PBXVariantGroup section */

/* Begin XCBuildConfiguration section */
		3F10AB331BBE7E26007A9228 /* Debug */ = {
			isa = XCBuildConfiguration;
			buildSettings = {
				ALWAYS_SEARCH_USER_PATHS = NO;
				CLANG_CXX_LANGUAGE_STANDARD = "gnu++0x";
				CLANG_CXX_LIBRARY = "libc++";
				CLANG_ENABLE_MODULES = YES;
				CLANG_ENABLE_OBJC_ARC = YES;
				CLANG_WARN_BOOL_CONVERSION = YES;
				CLANG_WARN_CONSTANT_CONVERSION = YES;
				CLANG_WARN_DIRECT_OBJC_ISA_USAGE = YES_ERROR;
				CLANG_WARN_EMPTY_BODY = YES;
				CLANG_WARN_ENUM_CONVERSION = YES;
				CLANG_WARN_INT_CONVERSION = YES;
				CLANG_WARN_OBJC_ROOT_CLASS = YES_ERROR;
				CLANG_WARN_UNREACHABLE_CODE = YES;
				CLANG_WARN__DUPLICATE_METHOD_MATCH = YES;
				"CODE_SIGN_IDENTITY[sdk=iphoneos*]" = "iPhone Developer";
				COPY_PHASE_STRIP = NO;
				DEBUG_INFORMATION_FORMAT = dwarf;
				ENABLE_STRICT_OBJC_MSGSEND = YES;
				ENABLE_TESTABILITY = YES;
				GCC_C_LANGUAGE_STANDARD = gnu99;
				GCC_DYNAMIC_NO_PIC = NO;
				GCC_NO_COMMON_BLOCKS = YES;
				GCC_OPTIMIZATION_LEVEL = 0;
				GCC_PREFIX_HEADER = "ACFaceDetection/ACFaceDetection-Prefix.pch";
				GCC_PREPROCESSOR_DEFINITIONS = (
					"DEBUG=1",
					"$(inherited)",
				);
				GCC_WARN_64_TO_32_BIT_CONVERSION = YES;
				GCC_WARN_ABOUT_RETURN_TYPE = YES_ERROR;
				GCC_WARN_UNDECLARED_SELECTOR = YES;
				GCC_WARN_UNINITIALIZED_AUTOS = YES_AGGRESSIVE;
				GCC_WARN_UNUSED_FUNCTION = YES;
				GCC_WARN_UNUSED_VARIABLE = YES;
				IPHONEOS_DEPLOYMENT_TARGET = 8.0;
				MTL_ENABLE_DEBUG_INFO = YES;
				ONLY_ACTIVE_ARCH = YES;
				SDKROOT = iphoneos;
			};
			name = Debug;
		};
		3F10AB341BBE7E26007A9228 /* Release */ = {
			isa = XCBuildConfiguration;
			buildSettings = {
				ALWAYS_SEARCH_USER_PATHS = NO;
				CLANG_CXX_LANGUAGE_STANDARD = "gnu++0x";
				CLANG_CXX_LIBRARY = "libc++";
				CLANG_ENABLE_MODULES = YES;
				CLANG_ENABLE_OBJC_ARC = YES;
				CLANG_WARN_BOOL_CONVERSION = YES;
				CLANG_WARN_CONSTANT_CONVERSION = YES;
				CLANG_WARN_DIRECT_OBJC_ISA_USAGE = YES_ERROR;
				CLANG_WARN_EMPTY_BODY = YES;
				CLANG_WARN_ENUM_CONVERSION = YES;
				CLANG_WARN_INT_CONVERSION = YES;
				CLANG_WARN_OBJC_ROOT_CLASS = YES_ERROR;
				CLANG_WARN_UNREACHABLE_CODE = YES;
				CLANG_WARN__DUPLICATE_METHOD_MATCH = YES;
				"CODE_SIGN_IDENTITY[sdk=iphoneos*]" = "iPhone Developer";
				COPY_PHASE_STRIP = NO;
				DEBUG_INFORMATION_FORMAT = "dwarf-with-dsym";
				ENABLE_NS_ASSERTIONS = NO;
				ENABLE_STRICT_OBJC_MSGSEND = YES;
				GCC_C_LANGUAGE_STANDARD = gnu99;
				GCC_NO_COMMON_BLOCKS = YES;
				GCC_PREFIX_HEADER = "ACFaceDetection/ACFaceDetection-Prefix.pch";
				GCC_WARN_64_TO_32_BIT_CONVERSION = YES;
				GCC_WARN_ABOUT_RETURN_TYPE = YES_ERROR;
				GCC_WARN_UNDECLARED_SELECTOR = YES;
				GCC_WARN_UNINITIALIZED_AUTOS = YES_AGGRESSIVE;
				GCC_WARN_UNUSED_FUNCTION = YES;
				GCC_WARN_UNUSED_VARIABLE = YES;
				IPHONEOS_DEPLOYMENT_TARGET = 8.0;
				MTL_ENABLE_DEBUG_INFO = NO;
				SDKROOT = iphoneos;
				VALIDATE_PRODUCT = YES;
			};
			name = Release;
		};
		3F10AB361BBE7E26007A9228 /* Debug */ = {
			isa = XCBuildConfiguration;
			buildSettings = {
				ASSETCATALOG_COMPILER_APPICON_NAME = AppIcon;
				CODE_SIGN_IDENTITY = "iPhone Developer";
				INFOPLIST_FILE = ACFaceDetection/Info.plist;
				LD_RUNPATH_SEARCH_PATHS = "$(inherited) @executable_path/Frameworks";
				PRODUCT_BUNDLE_IDENTIFIER = com.appscollider.ACFaceDetection;
				PRODUCT_NAME = "$(TARGET_NAME)";
			};
			name = Debug;
		};
		3F10AB371BBE7E26007A9228 /* Release */ = {
			isa = XCBuildConfiguration;
			buildSettings = {
				ASSETCATALOG_COMPILER_APPICON_NAME = AppIcon;
				CODE_SIGN_IDENTITY = "iPhone Developer";
				INFOPLIST_FILE = ACFaceDetection/Info.plist;
				LD_RUNPATH_SEARCH_PATHS = "$(inherited) @executable_path/Frameworks";
				PRODUCT_BUNDLE_IDENTIFIER = com.appscollider.ACFaceDetection;
				PRODUCT_NAME = "$(TARGET_NAME)";
			};
			name = Release;
		};
/* End XCBuildConfiguration section */

/* Begin XCConfigurationList section */
		3F10AB191BBE7E25007A9228 /* Build configuration list for PBXProject "ACFaceDetection" */ = {
			isa = XCConfigurationList;
			buildConfigurations = (
				3F10AB331BBE7E26007A9228 /* Debug */,
				3F10AB341BBE7E26007A9228 /* Release */,
			);
			defaultConfigurationIsVisible = 0;
			defaultConfigurationName = Release;
		};
		3F10AB351BBE7E26007A9228 /* Build configuration list for PBXNativeTarget "ACFaceDetection" */ = {
			isa = XCConfigurationList;
			buildConfigurations = (
				3F10AB361BBE7E26007A9228 /* Debug */,
				3F10AB371BBE7E26007A9228 /* Release */,
			);
			defaultConfigurationIsVisible = 0;
			defaultConfigurationName = Release;
		};
/* End XCConfigurationList section */
	};
	rootObject = 3F10AB161BBE7E25007A9228 /* Project object */;
}
